<?xml version="1.0" encoding="utf-8"?>
<Project ToolsVersion="4.0" xmlns="http://schemas.microsoft.com/developer/msbuild/2003">
  <ItemGroup>
    <Filter Include="Fichiers sources">
      <UniqueIdentifier>{4FC737F1-C7A5-4376-A066-2A32D752A2FF}</UniqueIdentifier>
      <Extensions>cpp;c;cc;cxx;def;odl;idl;hpj;bat;asm;asmx</Extensions>
    </Filter>
    <Filter Include="Fichiers d%27en-tête">
      <UniqueIdentifier>{93995380-89BD-4b04-88EB-625FBE52EBFB}</UniqueIdentifier>
      <Extensions>h;hh;hpp;hxx;hm;inl;inc;ipp;xsd</Extensions>
    </Filter>
    <Filter Include="Fichiers de ressources">
      <UniqueIdentifier>{67DA6AB6-F800-4c08-8B7A-83BB121AAD01}</UniqueIdentifier>
      <Extensions>rc;ico;cur;bmp;dlg;rc2;rct;bin;rgs;gif;jpg;jpeg;jpe;resx;tiff;tif;png;wav;mfcribbon-ms</Extensions>
    </Filter>
  </ItemGroup>
  <ItemGroup>
    <ClInclude Include="drivers.h">
      <Filter>Fichiers d%27en-tête</Filter>
    </ClInclude>
    <ClInclude Include="iso7816.h">
      <Filter>Fichiers d%27en-tête</Filter>
    </ClInclude>
    <ClInclude Include="log.h">
      <Filter>Fichiers d%27en-tête</Filter>
    </ClInclude>
    <ClInclude Include="log4c.h">
      <Filter>Fichiers d%27en-tête</Filter>
    </ClInclude>
    <ClInclude Include="mirror-subr.h">
      <Filter>Fichiers d%27en-tête</Filter>
    </ClInclude>
    <ClInclude Include="nfc-internal.h">
      <Filter>Fichiers d%27en-tête</Filter>
    </ClInclude>
    <ClInclude Include="drivers\acr122.h">
      <Filter>Fichiers d%27en-tête</Filter>
    </ClInclude>
    <ClInclude Include="drivers\pn53x_usb.h">
      <Filter>Fichiers d%27en-tête</Filter>
    </ClInclude>
    <ClInclude Include="chips\pn53x.h">
      <Filter>Fichiers d%27en-tête</Filter>
    </ClInclude>
  </ItemGroup>
  <ItemGroup>
    <ClCompile Include="iso14443-subr.c">
      <Filter>Fichiers sources</Filter>
    </ClCompile>
    <ClCompile Include="log.c">
      <Filter>Fichiers sources</Filter>
    </ClCompile>
    <ClCompile Include="mirror-subr.c">
      <Filter>Fichiers sources</Filter>
    </ClCompile>
    <ClCompile Include="nfc-device.c">
      <Filter>Fichiers sources</Filter>
    </ClCompile>
    <ClCompile Include="nfc-emulation.c">
      <Filter>Fichiers sources</Filter>
    </ClCompile>
    <ClCompile Include="nfc-internal.c">
      <Filter>Fichiers sources</Filter>
    </ClCompile>
    <ClCompile Include="drivers\acr122.c">
      <Filter>Fichiers sources</Filter>
    </ClCompile>
    <ClCompile Include="drivers\pn53x_usb.c">
      <Filter>Fichiers sources</Filter>
    </ClCompile>
    <ClCompile Include="chips\pn53x.c">
      <Filter>Fichiers sources</Filter>
    </ClCompile>
    <ClCompile Include="nfc.c">
      <Filter>Fichiers sources</Filter>
    </ClCompile>
  </ItemGroup>
</Project>